// !$*UTF8*$!
{
	archiveVersion = 1;
	classes = {
	};
	objectVersion = 56;
	objects = {

/* Begin PBXBuildFile section */
		450DB6E02C1C6CCB00C31DCF /* MovieListScreen.swift in Sources */ = {isa = PBXBuildFile; fileRef = 450DB6DF2C1C6CCB00C31DCF /* MovieListScreen.swift */; };
		450DB6E32C1C887D00C31DCF /* MoviListView.swift in Sources */ = {isa = PBXBuildFile; fileRef = 450DB6E22C1C887D00C31DCF /* MoviListView.swift */; };
		450DB6E52C1C8C5D00C31DCF /* MovieDetailScreen.swift in Sources */ = {isa = PBXBuildFile; fileRef = 450DB6E42C1C8C5D00C31DCF /* MovieDetailScreen.swift */; };
		458027B82C1C5CAB0072AAA1 /* SwiftDataPracticeApp.swift in Sources */ = {isa = PBXBuildFile; fileRef = 458027B72C1C5CAB0072AAA1 /* SwiftDataPracticeApp.swift */; };
		458027BA2C1C5CAB0072AAA1 /* ContentView.swift in Sources */ = {isa = PBXBuildFile; fileRef = 458027B92C1C5CAB0072AAA1 /* ContentView.swift */; };
		458027BC2C1C5CAB0072AAA1 /* Item.swift in Sources */ = {isa = PBXBuildFile; fileRef = 458027BB2C1C5CAB0072AAA1 /* Item.swift */; };
		458027BE2C1C5CAC0072AAA1 /* Assets.xcassets in Resources */ = {isa = PBXBuildFile; fileRef = 458027BD2C1C5CAC0072AAA1 /* Assets.xcassets */; };
		458027C12C1C5CAC0072AAA1 /* Preview Assets.xcassets in Resources */ = {isa = PBXBuildFile; fileRef = 458027C02C1C5CAC0072AAA1 /* Preview Assets.xcassets */; };
		458027C92C1C60600072AAA1 /* Movie.swift in Sources */ = {isa = PBXBuildFile; fileRef = 458027C82C1C605F0072AAA1 /* Movie.swift */; };
		458027CC2C1C61400072AAA1 /* AddMovieScreen.swift in Sources */ = {isa = PBXBuildFile; fileRef = 458027CB2C1C61400072AAA1 /* AddMovieScreen.swift */; };
		458027CF2C1C62190072AAA1 /* String+Extensions.swift in Sources */ = {isa = PBXBuildFile; fileRef = 458027CE2C1C62190072AAA1 /* String+Extensions.swift */; };
/* End PBXBuildFile section */

/* Begin PBXFileReference section */
		450DB6DF2C1C6CCB00C31DCF /* MovieListScreen.swift */ = {isa = PBXFileReference; lastKnownFileType = sourcecode.swift; path = MovieListScreen.swift; sourceTree = "<group>"; };
		450DB6E22C1C887D00C31DCF /* MoviListView.swift */ = {isa = PBXFileReference; lastKnownFileType = sourcecode.swift; path = MoviListView.swift; sourceTree = "<group>"; };
		450DB6E42C1C8C5D00C31DCF /* MovieDetailScreen.swift */ = {isa = PBXFileReference; lastKnownFileType = sourcecode.swift; path = MovieDetailScreen.swift; sourceTree = "<group>"; };
		458027B42C1C5CAB0072AAA1 /* SwiftDataPractice.app */ = {isa = PBXFileReference; explicitFileType = wrapper.application; includeInIndex = 0; path = SwiftDataPractice.app; sourceTree = BUILT_PRODUCTS_DIR; };
		458027B72C1C5CAB0072AAA1 /* SwiftDataPracticeApp.swift */ = {isa = PBXFileReference; lastKnownFileType = sourcecode.swift; path = SwiftDataPracticeApp.swift; sourceTree = "<group>"; };
		458027B92C1C5CAB0072AAA1 /* ContentView.swift */ = {isa = PBXFileReference; lastKnownFileType = sourcecode.swift; path = ContentView.swift; sourceTree = "<group>"; };
		458027BB2C1C5CAB0072AAA1 /* Item.swift */ = {isa = PBXFileReference; lastKnownFileType = sourcecode.swift; path = Item.swift; sourceTree = "<group>"; };
		458027BD2C1C5CAC0072AAA1 /* Assets.xcassets */ = {isa = PBXFileReference; lastKnownFileType = folder.assetcatalog; path = Assets.xcassets; sourceTree = "<group>"; };
		458027C02C1C5CAC0072AAA1 /* Preview Assets.xcassets */ = {isa = PBXFileReference; lastKnownFileType = folder.assetcatalog; path = "Preview Assets.xcassets"; sourceTree = "<group>"; };
		458027C82C1C605F0072AAA1 /* Movie.swift */ = {isa = PBXFileReference; lastKnownFileType = sourcecode.swift; path = Movie.swift; sourceTree = "<group>"; };
		458027CB2C1C61400072AAA1 /* AddMovieScreen.swift */ = {isa = PBXFileReference; lastKnownFileType = sourcecode.swift; path = AddMovieScreen.swift; sourceTree = "<group>"; };
		458027CE2C1C62190072AAA1 /* String+Extensions.swift */ = {isa = PBXFileReference; lastKnownFileType = sourcecode.swift; path = "String+Extensions.swift"; sourceTree = "<group>"; };
/* End PBXFileReference section */

/* Begin PBXFrameworksBuildPhase section */
		458027B12C1C5CAB0072AAA1 /* Frameworks */ = {
			isa = PBXFrameworksBuildPhase;
			buildActionMask = 2147483647;
			files = (
			);
			runOnlyForDeploymentPostprocessing = 0;
		};
/* End PBXFrameworksBuildPhase section */

/* Begin PBXGroup section */
		450DB6E12C1C886D00C31DCF /* Views */ = {
			isa = PBXGroup;
			children = (
				450DB6E22C1C887D00C31DCF /* MoviListView.swift */,
			);
			path = Views;
			sourceTree = "<group>";
		};
		458027AB2C1C5CAB0072AAA1 = {
			isa = PBXGroup;
			children = (
				458027B62C1C5CAB0072AAA1 /* SwiftDataPractice */,
				458027B52C1C5CAB0072AAA1 /* Products */,
			);
			sourceTree = "<group>";
		};
		458027B52C1C5CAB0072AAA1 /* Products */ = {
			isa = PBXGroup;
			children = (
				458027B42C1C5CAB0072AAA1 /* SwiftDataPractice.app */,
			);
			name = Products;
			sourceTree = "<group>";
		};
		458027B62C1C5CAB0072AAA1 /* SwiftDataPractice */ = {
			isa = PBXGroup;
			children = (
				450DB6E12C1C886D00C31DCF /* Views */,
				458027CD2C1C62060072AAA1 /* Extensions */,
				458027CA2C1C612C0072AAA1 /* Screens */,
				458027C72C1C60510072AAA1 /* Model */,
				458027B72C1C5CAB0072AAA1 /* SwiftDataPracticeApp.swift */,
				458027B92C1C5CAB0072AAA1 /* ContentView.swift */,
				458027BB2C1C5CAB0072AAA1 /* Item.swift */,
				458027BD2C1C5CAC0072AAA1 /* Assets.xcassets */,
				458027BF2C1C5CAC0072AAA1 /* Preview Content */,
			);
			path = SwiftDataPractice;
			sourceTree = "<group>";
		};
		458027BF2C1C5CAC0072AAA1 /* Preview Content */ = {
			isa = PBXGroup;
			children = (
				458027C02C1C5CAC0072AAA1 /* Preview Assets.xcassets */,
			);
			path = "Preview Content";
			sourceTree = "<group>";
		};
		458027C72C1C60510072AAA1 /* Model */ = {
			isa = PBXGroup;
			children = (
				458027C82C1C605F0072AAA1 /* Movie.swift */,
			);
			path = Model;
			sourceTree = "<group>";
		};
		458027CA2C1C612C0072AAA1 /* Screens */ = {
			isa = PBXGroup;
			children = (
				458027CB2C1C61400072AAA1 /* AddMovieScreen.swift */,
				450DB6DF2C1C6CCB00C31DCF /* MovieListScreen.swift */,
				450DB6E42C1C8C5D00C31DCF /* MovieDetailScreen.swift */,
			);
			path = Screens;
			sourceTree = "<group>";
		};
		458027CD2C1C62060072AAA1 /* Extensions */ = {
			isa = PBXGroup;
			children = (
				458027CE2C1C62190072AAA1 /* String+Extensions.swift */,
			);
			path = Extensions;
			sourceTree = "<group>";
		};
/* End PBXGroup section */

/* Begin PBXNativeTarget section */
		458027B32C1C5CAB0072AAA1 /* SwiftDataPractice */ = {
			isa = PBXNativeTarget;
			buildConfigurationList = 458027C42C1C5CAC0072AAA1 /* Build configuration list for PBXNativeTarget "SwiftDataPractice" */;
			buildPhases = (
				458027B02C1C5CAB0072AAA1 /* Sources */,
				458027B12C1C5CAB0072AAA1 /* Frameworks */,
				458027B22C1C5CAB0072AAA1 /* Resources */,
			);
			buildRules = (
			);
			dependencies = (
			);
			name = SwiftDataPractice;
			productName = SwiftDataPractice;
			productReference = 458027B42C1C5CAB0072AAA1 /* SwiftDataPractice.app */;
			productType = "com.apple.product-type.application";
		};
/* End PBXNativeTarget section */

/* Begin PBXProject section */
		458027AC2C1C5CAB0072AAA1 /* Project object */ = {
			isa = PBXProject;
			attributes = {
				BuildIndependentTargetsInParallel = 1;
				LastSwiftUpdateCheck = 1540;
				LastUpgradeCheck = 1540;
				TargetAttributes = {
					458027B32C1C5CAB0072AAA1 = {
						CreatedOnToolsVersion = 15.4;
					};
				};
			};
			buildConfigurationList = 458027AF2C1C5CAB0072AAA1 /* Build configuration list for PBXProject "SwiftDataPractice" */;
			compatibilityVersion = "Xcode 14.0";
			developmentRegion = en;
			hasScannedForEncodings = 0;
			knownRegions = (
				en,
				Base,
			);
			mainGroup = 458027AB2C1C5CAB0072AAA1;
			productRefGroup = 458027B52C1C5CAB0072AAA1 /* Products */;
			projectDirPath = "";
			projectRoot = "";
			targets = (
				458027B32C1C5CAB0072AAA1 /* SwiftDataPractice */,
			);
		};
/* End PBXProject section */

/* Begin PBXResourcesBuildPhase section */
		458027B22C1C5CAB0072AAA1 /* Resources */ = {
			isa = PBXResourcesBuildPhase;
			buildActionMask = 2147483647;
			files = (
				458027C12C1C5CAC0072AAA1 /* Preview Assets.xcassets in Resources */,
				458027BE2C1C5CAC0072AAA1 /* Assets.xcassets in Resources */,
			);
			runOnlyForDeploymentPostprocessing = 0;
		};
/* End PBXResourcesBuildPhase section */

/* Begin PBXSourcesBuildPhase section */
		458027B02C1C5CAB0072AAA1 /* Sources */ = {
			isa = PBXSourcesBuildPhase;
			buildActionMask = 2147483647;
			files = (
				450DB6E02C1C6CCB00C31DCF /* MovieListScreen.swift in Sources */,
				458027BA2C1C5CAB0072AAA1 /* ContentView.swift in Sources */,
				458027BC2C1C5CAB0072AAA1 /* Item.swift in Sources */,
				450DB6E52C1C8C5D00C31DCF /* MovieDetailScreen.swift in Sources */,
				458027CC2C1C61400072AAA1 /* AddMovieScreen.swift in Sources */,
				458027C92C1C60600072AAA1 /* Movie.swift in Sources */,
				458027CF2C1C62190072AAA1 /* String+Extensions.swift in Sources */,
				458027B82C1C5CAB0072AAA1 /* SwiftDataPracticeApp.swift in Sources */,
				450DB6E32C1C887D00C31DCF /* MoviListView.swift in Sources */,
			);
			runOnlyForDeploymentPostprocessing = 0;
		};
/* End PBXSourcesBuildPhase section */

/* Begin XCBuildConfiguration section */
		458027C22C1C5CAC0072AAA1 /* Debug */ = {
			isa = XCBuildConfiguration;
			buildSettings = {
				ALWAYS_SEARCH_USER_PATHS = NO;
				ASSETCATALOG_COMPILER_GENERATE_SWIFT_ASSET_SYMBOL_EXTENSIONS = YES;
				CLANG_ANALYZER_NONNULL = YES;
				CLANG_ANALYZER_NUMBER_OBJECT_CONVERSION = YES_AGGRESSIVE;
				CLANG_CXX_LANGUAGE_STANDARD = "gnu++20";
				CLANG_ENABLE_MODULES = YES;
				CLANG_ENABLE_OBJC_ARC = YES;
				CLANG_ENABLE_OBJC_WEAK = YES;
				CLANG_WARN_BLOCK_CAPTURE_AUTORELEASING = YES;
				CLANG_WARN_BOOL_CONVERSION = YES;
				CLANG_WARN_COMMA = YES;
				CLANG_WARN_CONSTANT_CONVERSION = YES;
				CLANG_WARN_DEPRECATED_OBJC_IMPLEMENTATIONS = YES;
				CLANG_WARN_DIRECT_OBJC_ISA_USAGE = YES_ERROR;
				CLANG_WARN_DOCUMENTATION_COMMENTS = YES;
				CLANG_WARN_EMPTY_BODY = YES;
				CLANG_WARN_ENUM_CONVERSION = YES;
				CLANG_WARN_INFINITE_RECURSION = YES;
				CLANG_WARN_INT_CONVERSION = YES;
				CLANG_WARN_NON_LITERAL_NULL_CONVERSION = YES;
				CLANG_WARN_OBJC_IMPLICIT_RETAIN_SELF = YES;
				CLANG_WARN_OBJC_LITERAL_CONVERSION = YES;
				CLANG_WARN_OBJC_ROOT_CLASS = YES_ERROR;
				CLANG_WARN_QUOTED_INCLUDE_IN_FRAMEWORK_HEADER = YES;
				CLANG_WARN_RANGE_LOOP_ANALYSIS = YES;
				CLANG_WARN_STRICT_PROTOTYPES = YES;
				CLANG_WARN_SUSPICIOUS_MOVE = YES;
				CLANG_WARN_UNGUARDED_AVAILABILITY = YES_AGGRESSIVE;
				CLANG_WARN_UNREACHABLE_CODE = YES;
				CLANG_WARN__DUPLICATE_METHOD_MATCH = YES;
				COPY_PHASE_STRIP = NO;
				DEBUG_INFORMATION_FORMAT = dwarf;
				ENABLE_STRICT_OBJC_MSGSEND = YES;
				ENABLE_TESTABILITY = YES;
				ENABLE_USER_SCRIPT_SANDBOXING = YES;
				GCC_C_LANGUAGE_STANDARD = gnu17;
				GCC_DYNAMIC_NO_PIC = NO;
				GCC_NO_COMMON_BLOCKS = YES;
				GCC_OPTIMIZATION_LEVEL = 0;
				GCC_PREPROCESSOR_DEFINITIONS = (
					"DEBUG=1",
					"$(inherited)",
				);
				GCC_WARN_64_TO_32_BIT_CONVERSION = YES;
				GCC_WARN_ABOUT_RETURN_TYPE = YES_ERROR;
				GCC_WARN_UNDECLARED_SELECTOR = YES;
				GCC_WARN_UNINITIALIZED_AUTOS = YES_AGGRESSIVE;
				GCC_WARN_UNUSED_FUNCTION = YES;
				GCC_WARN_UNUSED_VARIABLE = YES;
				IPHONEOS_DEPLOYMENT_TARGET = 17.5;
				LOCALIZATION_PREFERS_STRING_CATALOGS = YES;
				MTL_ENABLE_DEBUG_INFO = INCLUDE_SOURCE;
				MTL_FAST_MATH = YES;
				ONLY_ACTIVE_ARCH = YES;
				SDKROOT = iphoneos;
				SWIFT_ACTIVE_COMPILATION_CONDITIONS = "DEBUG $(inherited)";
				SWIFT_OPTIMIZATION_LEVEL = "-Onone";
			};
			name = Debug;
		};
		458027C32C1C5CAC0072AAA1 /* Release */ = {
			isa = XCBuildConfiguration;
			buildSettings = {
				ALWAYS_SEARCH_USER_PATHS = NO;
				ASSETCATALOG_COMPILER_GENERATE_SWIFT_ASSET_SYMBOL_EXTENSIONS = YES;
				CLANG_ANALYZER_NONNULL = YES;
				CLANG_ANALYZER_NUMBER_OBJECT_CONVERSION = YES_AGGRESSIVE;
				CLANG_CXX_LANGUAGE_STANDARD = "gnu++20";
				CLANG_ENABLE_MODULES = YES;
				CLANG_ENABLE_OBJC_ARC = YES;
				CLANG_ENABLE_OBJC_WEAK = YES;
				CLANG_WARN_BLOCK_CAPTURE_AUTORELEASING = YES;
				CLANG_WARN_BOOL_CONVERSION = YES;
				CLANG_WARN_COMMA = YES;
				CLANG_WARN_CONSTANT_CONVERSION = YES;
				CLANG_WARN_DEPRECATED_OBJC_IMPLEMENTATIONS = YES;
				CLANG_WARN_DIRECT_OBJC_ISA_USAGE = YES_ERROR;
				CLANG_WARN_DOCUMENTATION_COMMENTS = YES;
				CLANG_WARN_EMPTY_BODY = YES;
				CLANG_WARN_ENUM_CONVERSION = YES;
				CLANG_WARN_INFINITE_RECURSION = YES;
				CLANG_WARN_INT_CONVERSION = YES;
				CLANG_WARN_NON_LITERAL_NULL_CONVERSION = YES;
				CLANG_WARN_OBJC_IMPLICIT_RETAIN_SELF = YES;
				CLANG_WARN_OBJC_LITERAL_CONVERSION = YES;
				CLANG_WARN_OBJC_ROOT_CLASS = YES_ERROR;
				CLANG_WARN_QUOTED_INCLUDE_IN_FRAMEWORK_HEADER = YES;
				CLANG_WARN_RANGE_LOOP_ANALYSIS = YES;
				CLANG_WARN_STRICT_PROTOTYPES = YES;
				CLANG_WARN_SUSPICIOUS_MOVE = YES;
				CLANG_WARN_UNGUARDED_AVAILABILITY = YES_AGGRESSIVE;
				CLANG_WARN_UNREACHABLE_CODE = YES;
				CLANG_WARN__DUPLICATE_METHOD_MATCH = YES;
				COPY_PHASE_STRIP = NO;
				DEBUG_INFORMATION_FORMAT = "dwarf-with-dsym";
				ENABLE_NS_ASSERTIONS = NO;
				ENABLE_STRICT_OBJC_MSGSEND = YES;
				ENABLE_USER_SCRIPT_SANDBOXING = YES;
				GCC_C_LANGUAGE_STANDARD = gnu17;
				GCC_NO_COMMON_BLOCKS = YES;
				GCC_WARN_64_TO_32_BIT_CONVERSION = YES;
				GCC_WARN_ABOUT_RETURN_TYPE = YES_ERROR;
				GCC_WARN_UNDECLARED_SELECTOR = YES;
				GCC_WARN_UNINITIALIZED_AUTOS = YES_AGGRESSIVE;
				GCC_WARN_UNUSED_FUNCTION = YES;
				GCC_WARN_UNUSED_VARIABLE = YES;
				IPHONEOS_DEPLOYMENT_TARGET = 17.5;
				LOCALIZATION_PREFERS_STRING_CATALOGS = YES;
				MTL_ENABLE_DEBUG_INFO = NO;
				MTL_FAST_MATH = YES;
				SDKROOT = iphoneos;
				SWIFT_COMPILATION_MODE = wholemodule;
				VALIDATE_PRODUCT = YES;
			};
			name = Release;
		};
		458027C52C1C5CAC0072AAA1 /* Debug */ = {
			isa = XCBuildConfiguration;
			buildSettings = {
				ASSETCATALOG_COMPILER_APPICON_NAME = AppIcon;
				ASSETCATALOG_COMPILER_GLOBAL_ACCENT_COLOR_NAME = AccentColor;
				CODE_SIGN_STYLE = Automatic;
				CURRENT_PROJECT_VERSION = 1;
				DEVELOPMENT_ASSET_PATHS = "\"SwiftDataPractice/Preview Content\"";
				DEVELOPMENT_TEAM = 7HTMJAAVG6;
				ENABLE_PREVIEWS = YES;
				GENERATE_INFOPLIST_FILE = YES;
				INFOPLIST_KEY_UIApplicationSceneManifest_Generation = YES;
				INFOPLIST_KEY_UIApplicationSupportsIndirectInputEvents = YES;
				INFOPLIST_KEY_UILaunchScreen_Generation = YES;
				INFOPLIST_KEY_UISupportedInterfaceOrientations_iPad = "UIInterfaceOrientationPortrait UIInterfaceOrientationPortraitUpsideDown UIInterfaceOrientationLandscapeLeft UIInterfaceOrientationLandscapeRight";
				INFOPLIST_KEY_UISupportedInterfaceOrientations_iPhone = "UIInterfaceOrientationPortrait UIInterfaceOrientationLandscapeLeft UIInterfaceOrientationLandscapeRight";
				LD_RUNPATH_SEARCH_PATHS = (
					"$(inherited)",
					"@executable_path/Frameworks",
				);
				MARKETING_VERSION = 1.0;
				PRODUCT_BUNDLE_IDENTIFIER = com.itsinbox.SwiftDataPractice;
				PRODUCT_NAME = "$(TARGET_NAME)";
				SUPPORTED_PLATFORMS = "iphoneos iphonesimulator";
				SUPPORTS_MACCATALYST = NO;
				SUPPORTS_MAC_DESIGNED_FOR_IPHONE_IPAD = NO;
				SUPPORTS_XR_DESIGNED_FOR_IPHONE_IPAD = NO;
				SWIFT_EMIT_LOC_STRINGS = YES;
				SWIFT_VERSION = 5.0;
				TARGETED_DEVICE_FAMILY = "1,2";
			};
			name = Debug;
		};
		458027C62C1C5CAC0072AAA1 /* Release */ = {
			isa = XCBuildConfiguration;
			buildSettings = {
				ASSETCATALOG_COMPILER_APPICON_NAME = AppIcon;
				ASSETCATALOG_COMPILER_GLOBAL_ACCENT_COLOR_NAME = AccentColor;
				CODE_SIGN_STYLE = Automatic;
				CURRENT_PROJECT_VERSION = 1;
				DEVELOPMENT_ASSET_PATHS = "\"SwiftDataPractice/Preview Content\"";
				DEVELOPMENT_TEAM = 7HTMJAAVG6;
				ENABLE_PREVIEWS = YES;
				GENERATE_INFOPLIST_FILE = YES;
				INFOPLIST_KEY_UIApplicationSceneManifest_Generation = YES;
				INFOPLIST_KEY_UIApplicationSupportsIndirectInputEvents = YES;
				INFOPLIST_KEY_UILaunchScreen_Generation = YES;
				INFOPLIST_KEY_UISupportedInterfaceOrientations_iPad = "UIInterfaceOrientationPortrait UIInterfaceOrientationPortraitUpsideDown UIInterfaceOrientationLandscapeLeft UIInterfaceOrientationLandscapeRight";
				INFOPLIST_KEY_UISupportedInterfaceOrientations_iPhone = "UIInterfaceOrientationPortrait UIInterfaceOrientationLandscapeLeft UIInterfaceOrientationLandscapeRight";
				LD_RUNPATH_SEARCH_PATHS = (
					"$(inherited)",
					"@executable_path/Frameworks",
				);
				MARKETING_VERSION = 1.0;
				PRODUCT_BUNDLE_IDENTIFIER = com.itsinbox.SwiftDataPractice;
				PRODUCT_NAME = "$(TARGET_NAME)";
				SUPPORTED_PLATFORMS = "iphoneos iphonesimulator";
				SUPPORTS_MACCATALYST = NO;
				SUPPORTS_MAC_DESIGNED_FOR_IPHONE_IPAD = NO;
				SUPPORTS_XR_DESIGNED_FOR_IPHONE_IPAD = NO;
				SWIFT_EMIT_LOC_STRINGS = YES;
				SWIFT_VERSION = 5.0;
				TARGETED_DEVICE_FAMILY = "1,2";
			};
			name = Release;
		};
/* End XCBuildConfiguration section */

/* Begin XCConfigurationList section */
		458027AF2C1C5CAB0072AAA1 /* Build configuration list for PBXProject "SwiftDataPractice" */ = {
			isa = XCConfigurationList;
			buildConfigurations = (
				458027C22C1C5CAC0072AAA1 /* Debug */,
				458027C32C1C5CAC0072AAA1 /* Release */,
			);
			defaultConfigurationIsVisible = 0;
			defaultConfigurationName = Release;
		};
		458027C42C1C5CAC0072AAA1 /* Build configuration list for PBXNativeTarget "SwiftDataPractice" */ = {
			isa = XCConfigurationList;
			buildConfigurations = (
				458027C52C1C5CAC0072AAA1 /* Debug */,
				458027C62C1C5CAC0072AAA1 /* Release */,
			);
			defaultConfigurationIsVisible = 0;
			defaultConfigurationName = Release;
		};
/* End XCConfigurationList section */
	};
	rootObject = 458027AC2C1C5CAB0072AAA1 /* Project object */;
}
